{
  "lockfile-version": 1,
  "manifest": {
    "version": 1,
    "install": {
      "gcc": {
        "pkg-path": "gcc"
      },
      "git": {
        "pkg-path": "git"
      },
      "gnumake": {
        "pkg-path": "gnumake"
      },
      "nodejs_20": {
        "pkg-path": "nodejs_20",
        "version": "20.19.4"
      },
      "python3": {
        "pkg-path": "python3"
      }
    },
    "vars": {
      "DATABASE_URL": "file:./dev.db",
      "NODE_ENV": "development",
      "PROJECT_NAME": "dstack-js-sdk-demo"
    },
    "hook": {
      "on-activate": "  echo \"🚀 Activating dstack JS SDK Demo environment...\"\n  \n  # Check if package.json exists and install dependencies\n  if [ -f \"$FLOX_ENV_PROJECT/package.json\" ]; then\n    echo \"📦 Installing npm dependencies...\"\n    npm install\n  fi\n  \n  # Check if Prisma schema exists and generate client\n  if [ -f \"$FLOX_ENV_PROJECT/prisma/schema.prisma\" ]; then\n    echo \"🗄️ Generating Prisma client...\"\n    npx prisma generate\n  fi\n  \n  echo \"✅ Environment ready! Node.js $(node --version) | npm $(npm --version)\"\n  echo \"📝 Project: $PROJECT_NAME\"\n"
    },
    "profile": {
      "common": "  # Add useful aliases for the project\n  alias dev=\"npm run dev\"\n  alias build=\"npm run build\"\n  alias test=\"npm test\"\n  alias db:migrate=\"npx prisma migrate dev\"\n  alias db:studio=\"npx prisma studio\"\n  \n  # Set command prompt to show we're in Flox environment\n  export PS1=\"[flox:the-accountant] $PS1\"\n"
    },
    "options": {
      "systems": [
        "aarch64-darwin",
        "aarch64-linux",
        "x86_64-darwin",
        "x86_64-linux"
      ],
      "allow": {
        "licenses": []
      },
      "semver": {}
    }
  },
  "packages": [
    {
      "attr_path": "gcc",
      "broken": false,
      "derivation": "/nix/store/wj4k4brjq51724ma0i35ch5j272jb9l1-gcc-wrapper-14.3.0.drv",
      "description": "GNU Compiler Collection, version 14.3.0 (wrapper script)",
      "install_id": "gcc",
      "license": "GPL-3.0-or-later",
      "locked_url": "https://github.com/flox/nixpkgs?rev=8eb28adfa3dc4de28e792e3bf49fcf9007ca8ac9",
      "name": "gcc-wrapper-14.3.0",
      "pname": "gcc",
      "rev": "8eb28adfa3dc4de28e792e3bf49fcf9007ca8ac9",
      "rev_count": 856926,
      "rev_date": "2025-09-05T10:37:24Z",
      "scrape_date": "2025-09-08T03:40:12.498308Z",
      "stabilities": [
        "unstable"
      ],
      "unfree": false,
      "version": "14.3.0",
      "outputs_to_install": [
        "man",
        "out"
      ],
      "outputs": {
        "info": "/nix/store/cmkfhc8ydb11ci4d7p9zvfwa8ldlqj9i-gcc-wrapper-14.3.0-info",
        "man": "/nix/store/zyj3s791p5gmh1inlh7dabp0nkhhyghw-gcc-wrapper-14.3.0-man",
        "out": "/nix/store/qdi5hxxqwhvljdwa2z8caziynwrfq19m-gcc-wrapper-14.3.0"
      },
      "system": "aarch64-darwin",
      "group": "toplevel",
      "priority": 5
    },
    {
      "attr_path": "gcc",
      "broken": false,
      "derivation": "/nix/store/m97hx3y4y93ldsl5fcqg6c4hlr4h7r44-gcc-wrapper-14.3.0.drv",
      "description": "GNU Compiler Collection, version 14.3.0 (wrapper script)",
      "install_id": "gcc",
      "license": "GPL-3.0-or-later",
      "locked_url": "https://github.com/flox/nixpkgs?rev=8eb28adfa3dc4de28e792e3bf49fcf9007ca8ac9",
      "name": "gcc-wrapper-14.3.0",
      "pname": "gcc",
      "rev": "8eb28adfa3dc4de28e792e3bf49fcf9007ca8ac9",
      "rev_count": 856926,
      "rev_date": "2025-09-05T10:37:24Z",
      "scrape_date": "2025-09-08T03:52:22.351139Z",
      "stabilities": [
        "unstable"
      ],
      "unfree": false,
      "version": "14.3.0",
      "outputs_to_install": [
        "man",
        "out"
      ],
      "outputs": {
        "info": "/nix/store/ds1f9znhf2hp3x5hrak6sjcwxpwv6pas-gcc-wrapper-14.3.0-info",
        "man": "/nix/store/2caf9bjar7dk1rm2wprhmkvrs82bgpzd-gcc-wrapper-14.3.0-man",
        "out": "/nix/store/sf05r8srgh21m1804jvagbidggh05n08-gcc-wrapper-14.3.0"
      },
      "system": "aarch64-linux",
      "group": "toplevel",
      "priority": 5
    },
    {
      "attr_path": "gcc",
      "broken": false,
      "derivation": "/nix/store/nv460qxkgwdxa5b2p1ywj9mjc86fxyh1-gcc-wrapper-14.3.0.drv",
      "description": "GNU Compiler Collection, version 14.3.0 (wrapper script)",
      "install_id": "gcc",
      "license": "GPL-3.0-or-later",
      "locked_url": "https://github.com/flox/nixpkgs?rev=8eb28adfa3dc4de28e792e3bf49fcf9007ca8ac9",
      "name": "gcc-wrapper-14.3.0",
      "pname": "gcc",
      "rev": "8eb28adfa3dc4de28e792e3bf49fcf9007ca8ac9",
      "rev_count": 856926,
      "rev_date": "2025-09-05T10:37:24Z",
      "scrape_date": "2025-09-08T04:22:02.379852Z",
      "stabilities": [
        "unstable"
      ],
      "unfree": false,
      "version": "14.3.0",
      "outputs_to_install": [
        "man",
        "out"
      ],
      "outputs": {
        "info": "/nix/store/xdj9w2c9pv7pwz3dhklwnpfpqk8gyjy7-gcc-wrapper-14.3.0-info",
        "man": "/nix/store/2xwg44ir12p6l3r0rmc2gsdwn782lgyn-gcc-wrapper-14.3.0-man",
        "out": "/nix/store/m7v6w0gms0fcz0cqwxnign7kfm6mx1h3-gcc-wrapper-14.3.0"
      },
      "system": "x86_64-darwin",
      "group": "toplevel",
      "priority": 5
    },
    {
      "attr_path": "gcc",
      "broken": false,
      "derivation": "/nix/store/20y7rngzq2487g4hmdgn94a9gdhjdn5k-gcc-wrapper-14.3.0.drv",
      "description": "GNU Compiler Collection, version 14.3.0 (wrapper script)",
      "install_id": "gcc",
      "license": "GPL-3.0-or-later",
      "locked_url": "https://github.com/flox/nixpkgs?rev=8eb28adfa3dc4de28e792e3bf49fcf9007ca8ac9",
      "name": "gcc-wrapper-14.3.0",
      "pname": "gcc",
      "rev": "8eb28adfa3dc4de28e792e3bf49fcf9007ca8ac9",
      "rev_count": 856926,
      "rev_date": "2025-09-05T10:37:24Z",
      "scrape_date": "2025-09-08T04:54:30.948518Z",
      "stabilities": [
        "unstable"
      ],
      "unfree": false,
      "version": "14.3.0",
      "outputs_to_install": [
        "man",
        "out"
      ],
      "outputs": {
        "info": "/nix/store/06f2l6yw87mz3qf70dbkbqmcv5im6jp5-gcc-wrapper-14.3.0-info",
        "man": "/nix/store/2d54z742vs7gr9x0is4apbblvlky4219-gcc-wrapper-14.3.0-man",
        "out": "/nix/store/bcw9f6r9v2fm3kv7d15fcrya0mf34xds-gcc-wrapper-14.3.0"
      },
      "system": "x86_64-linux",
      "group": "toplevel",
      "priority": 5
    },
    {
      "attr_path": "git",
      "broken": false,
      "derivation": "/nix/store/my37053qlsn20agd4gngw3akvvkj8ycn-git-2.50.1.drv",
      "description": "Distributed version control system",
      "install_id": "git",
      "license": "GPL-2.0",
      "locked_url": "https://github.com/flox/nixpkgs?rev=8eb28adfa3dc4de28e792e3bf49fcf9007ca8ac9",
      "name": "git-2.50.1",
      "pname": "git",
      "rev": "8eb28adfa3dc4de28e792e3bf49fcf9007ca8ac9",
      "rev_count": 856926,
      "rev_date": "2025-09-05T10:37:24Z",
      "scrape_date": "2025-09-08T03:40:12.576367Z",
      "stabilities": [
        "unstable"
      ],
      "unfree": false,
      "version": "2.50.1",
      "outputs_to_install": [
        "out"
      ],
      "outputs": {
        "doc": "/nix/store/36rqvcm3q9jdbzysr6x6si9i15yyy9yh-git-2.50.1-doc",
        "out": "/nix/store/56avrmkafl3ymr5azsgx4lagzrhc79nd-git-2.50.1"
      },
      "system": "aarch64-darwin",
      "group": "toplevel",
      "priority": 5
    },
    {
      "attr_path": "git",
      "broken": false,
      "derivation": "/nix/store/46mhgflpndhr99rccamikg7pjwknxylg-git-2.50.1.drv",
      "description": "Distributed version control system",
      "install_id": "git",
      "license": "GPL-2.0",
      "locked_url": "https://github.com/flox/nixpkgs?rev=8eb28adfa3dc4de28e792e3bf49fcf9007ca8ac9",
      "name": "git-2.50.1",
      "pname": "git",
      "rev": "8eb28adfa3dc4de28e792e3bf49fcf9007ca8ac9",
      "rev_count": 856926,
      "rev_date": "2025-09-05T10:37:24Z",
      "scrape_date": "2025-09-08T03:52:22.468854Z",
      "stabilities": [
        "unstable"
      ],
      "unfree": false,
      "version": "2.50.1",
      "outputs_to_install": [
        "out"
      ],
      "outputs": {
        "debug": "/nix/store/ln77l8pbk2gyvavr0lgb45xq4i4y5f2p-git-2.50.1-debug",
        "doc": "/nix/store/i8gjlj5vpcllwpkw53lzxl2wa8j7vlld-git-2.50.1-doc",
        "out": "/nix/store/jpadzfxc9zz3cacng4wlyn6vzhgf3mga-git-2.50.1"
      },
      "system": "aarch64-linux",
      "group": "toplevel",
      "priority": 5
    },
    {
      "attr_path": "git",
      "broken": false,
      "derivation": "/nix/store/asmf27ybgmdfkmgn1vrfl87g0havppnk-git-2.50.1.drv",
      "description": "Distributed version control system",
      "install_id": "git",
      "license": "GPL-2.0",
      "locked_url": "https://github.com/flox/nixpkgs?rev=8eb28adfa3dc4de28e792e3bf49fcf9007ca8ac9",
      "name": "git-2.50.1",
      "pname": "git",
      "rev": "8eb28adfa3dc4de28e792e3bf49fcf9007ca8ac9",
      "rev_count": 856926,
      "rev_date": "2025-09-05T10:37:24Z",
      "scrape_date": "2025-09-08T04:22:02.466701Z",
      "stabilities": [
        "unstable"
      ],
      "unfree": false,
      "version": "2.50.1",
      "outputs_to_install": [
        "out"
      ],
      "outputs": {
        "doc": "/nix/store/axw33im2q7q6bi3j8cbhi139n9k1q9zb-git-2.50.1-doc",
        "out": "/nix/store/h32rn7zl7ac3jl0iidf7ll3rwj81961x-git-2.50.1"
      },
      "system": "x86_64-darwin",
      "group": "toplevel",
      "priority": 5
    },
    {
      "attr_path": "git",
      "broken": false,
      "derivation": "/nix/store/s9ilqag44931jnwrazwrha1ql5cfahq4-git-2.50.1.drv",
      "description": "Distributed version control system",
      "install_id": "git",
      "license": "GPL-2.0",
      "locked_url": "https://github.com/flox/nixpkgs?rev=8eb28adfa3dc4de28e792e3bf49fcf9007ca8ac9",
      "name": "git-2.50.1",
      "pname": "git",
      "rev": "8eb28adfa3dc4de28e792e3bf49fcf9007ca8ac9",
      "rev_count": 856926,
      "rev_date": "2025-09-05T10:37:24Z",
      "scrape_date": "2025-09-08T04:54:31.079908Z",
      "stabilities": [
        "unstable"
      ],
      "unfree": false,
      "version": "2.50.1",
      "outputs_to_install": [
        "out"
      ],
      "outputs": {
        "debug": "/nix/store/xipypc58mgavflc7am3m28sk9hpczwf6-git-2.50.1-debug",
        "doc": "/nix/store/64fvclm5bwrp7zff8wa3cl8z6lhczc9s-git-2.50.1-doc",
        "out": "/nix/store/zhv8ib8y1zfi76afddfnp8fmm562bgaa-git-2.50.1"
      },
      "system": "x86_64-linux",
      "group": "toplevel",
      "priority": 5
    },
    {
      "attr_path": "gnumake",
      "broken": false,
      "derivation": "/nix/store/y8qi6j4s2d24y2da0gqp85djhq7szp3h-gnumake-4.4.1.drv",
      "description": "Tool to control the generation of non-source files from sources",
      "install_id": "gnumake",
      "license": "GPL-3.0-or-later",
      "locked_url": "https://github.com/flox/nixpkgs?rev=8eb28adfa3dc4de28e792e3bf49fcf9007ca8ac9",
      "name": "gnumake-4.4.1",
      "pname": "gnumake",
      "rev": "8eb28adfa3dc4de28e792e3bf49fcf9007ca8ac9",
      "rev_count": 856926,
      "rev_date": "2025-09-05T10:37:24Z",
      "scrape_date": "2025-09-08T03:40:12.676660Z",
      "stabilities": [
        "unstable"
      ],
      "unfree": false,
      "version": "4.4.1",
      "outputs_to_install": [
        "man",
        "out"
      ],
      "outputs": {
        "info": "/nix/store/zax1c8ysxfq7fw0bq88691qrf06dx3b9-gnumake-4.4.1-info",
        "man": "/nix/store/rgsx2xvmhknjg8brzirpi45c3bjy1flh-gnumake-4.4.1-man",
        "out": "/nix/store/hyrkz96cpqn5f0f5p7ng3fq0f044h0hb-gnumake-4.4.1"
      },
      "system": "aarch64-darwin",
      "group": "toplevel",
      "priority": 5
    },
    {
      "attr_path": "gnumake",
      "broken": false,
      "derivation": "/nix/store/1x5ln31dx2i0i0lc9vv2ipxmfvp96z8c-gnumake-4.4.1.drv",
      "description": "Tool to control the generation of non-source files from sources",
      "install_id": "gnumake",
      "license": "GPL-3.0-or-later",
      "locked_url": "https://github.com/flox/nixpkgs?rev=8eb28adfa3dc4de28e792e3bf49fcf9007ca8ac9",
      "name": "gnumake-4.4.1",
      "pname": "gnumake",
      "rev": "8eb28adfa3dc4de28e792e3bf49fcf9007ca8ac9",
      "rev_count": 856926,
      "rev_date": "2025-09-05T10:37:24Z",
      "scrape_date": "2025-09-08T03:52:22.997250Z",
      "stabilities": [
        "unstable"
      ],
      "unfree": false,
      "version": "4.4.1",
      "outputs_to_install": [
        "man",
        "out"
      ],
      "outputs": {
        "debug": "/nix/store/phqsvq5432c7655jnchkj2gg8zl67hzh-gnumake-4.4.1-debug",
        "info": "/nix/store/gskf8zrnqslr6ic7k7wxhiszv1wjwl3p-gnumake-4.4.1-info",
        "man": "/nix/store/x2ikrfqd9lfiwg3sywvhby677jid4q2y-gnumake-4.4.1-man",
        "out": "/nix/store/67ixprznvajk1pfjrwcwj6naqp928xxz-gnumake-4.4.1"
      },
      "system": "aarch64-linux",
      "group": "toplevel",
      "priority": 5
    },
    {
      "attr_path": "gnumake",
      "broken": false,
      "derivation": "/nix/store/myjcmyj1v6yb4w095rpqxd3s1nrl4265-gnumake-4.4.1.drv",
      "description": "Tool to control the generation of non-source files from sources",
      "install_id": "gnumake",
      "license": "GPL-3.0-or-later",
      "locked_url": "https://github.com/flox/nixpkgs?rev=8eb28adfa3dc4de28e792e3bf49fcf9007ca8ac9",
      "name": "gnumake-4.4.1",
      "pname": "gnumake",
      "rev": "8eb28adfa3dc4de28e792e3bf49fcf9007ca8ac9",
      "rev_count": 856926,
      "rev_date": "2025-09-05T10:37:24Z",
      "scrape_date": "2025-09-08T04:22:02.611604Z",
      "stabilities": [
        "unstable"
      ],
      "unfree": false,
      "version": "4.4.1",
      "outputs_to_install": [
        "man",
        "out"
      ],
      "outputs": {
        "info": "/nix/store/pxjpip2ifbpy2hqdl5v12mkr0fsi7n3k-gnumake-4.4.1-info",
        "man": "/nix/store/irmkbklf3vrzpwm73anrspw42djydzk2-gnumake-4.4.1-man",
        "out": "/nix/store/9skp0bwibcghf7ba5n5q6aqwgb161i9k-gnumake-4.4.1"
      },
      "system": "x86_64-darwin",
      "group": "toplevel",
      "priority": 5
    },
    {
      "attr_path": "gnumake",
      "broken": false,
      "derivation": "/nix/store/5mr8hwa1asihwp0b82jcwslz1mlx1qv2-gnumake-4.4.1.drv",
      "description": "Tool to control the generation of non-source files from sources",
      "install_id": "gnumake",
      "license": "GPL-3.0-or-later",
      "locked_url": "https://github.com/flox/nixpkgs?rev=8eb28adfa3dc4de28e792e3bf49fcf9007ca8ac9",
      "name": "gnumake-4.4.1",
      "pname": "gnumake",
      "rev": "8eb28adfa3dc4de28e792e3bf49fcf9007ca8ac9",
      "rev_count": 856926,
      "rev_date": "2025-09-05T10:37:24Z",
      "scrape_date": "2025-09-08T04:54:31.629172Z",
      "stabilities": [
        "unstable"
      ],
      "unfree": false,
      "version": "4.4.1",
      "outputs_to_install": [
        "man",
        "out"
      ],
      "outputs": {
        "debug": "/nix/store/64axkp3yv64qafg42ln08clqf6c6mnky-gnumake-4.4.1-debug",
        "info": "/nix/store/yz2b37m5chsvk73w5nk7g915gv1s7acn-gnumake-4.4.1-info",
        "man": "/nix/store/hm1vq8hnsw55v8p8q25clw05prc46vmb-gnumake-4.4.1-man",
        "out": "/nix/store/hy6gzi2np7wxpc6qyvi24pax5h3vdmyn-gnumake-4.4.1"
      },
      "system": "x86_64-linux",
      "group": "toplevel",
      "priority": 5
    },
    {
      "attr_path": "nodejs_20",
      "broken": false,
      "derivation": "/nix/store/fcmzxamxasy2p927a9rk733fmb3yrw37-nodejs-20.19.4.drv",
      "description": "Event-driven I/O framework for the V8 JavaScript engine",
      "install_id": "nodejs_20",
      "license": "MIT",
      "locked_url": "https://github.com/flox/nixpkgs?rev=8eb28adfa3dc4de28e792e3bf49fcf9007ca8ac9",
      "name": "nodejs-20.19.4",
      "pname": "nodejs_20",
      "rev": "8eb28adfa3dc4de28e792e3bf49fcf9007ca8ac9",
      "rev_count": 856926,
      "rev_date": "2025-09-05T10:37:24Z",
      "scrape_date": "2025-09-08T03:41:04.559966Z",
      "stabilities": [
        "unstable"
      ],
      "unfree": false,
      "version": "20.19.4",
      "outputs_to_install": [
        "out"
      ],
      "outputs": {
        "dev": "/nix/store/98kl2r59415g7774v1b1vb4n8jrk23jq-nodejs-20.19.4-dev",
        "libv8": "/nix/store/iggwrym1hp1cldnkznznk38ppiq3vj60-nodejs-20.19.4-libv8",
        "out": "/nix/store/h498bf8iiv260ysmfslql4b1p8v3jvk2-nodejs-20.19.4"
      },
      "system": "aarch64-darwin",
      "group": "toplevel",
      "priority": 5
    },
    {
      "attr_path": "nodejs_20",
      "broken": false,
      "derivation": "/nix/store/i70kxrz07qyp1wrmxl97m304hsy3wxx2-nodejs-20.19.4.drv",
      "description": "Event-driven I/O framework for the V8 JavaScript engine",
      "install_id": "nodejs_20",
      "license": "MIT",
      "locked_url": "https://github.com/flox/nixpkgs?rev=8eb28adfa3dc4de28e792e3bf49fcf9007ca8ac9",
      "name": "nodejs-20.19.4",
      "pname": "nodejs_20",
      "rev": "8eb28adfa3dc4de28e792e3bf49fcf9007ca8ac9",
      "rev_count": 856926,
      "rev_date": "2025-09-05T10:37:24Z",
      "scrape_date": "2025-09-08T03:52:59.388731Z",
      "stabilities": [
        "unstable"
      ],
      "unfree": false,
      "version": "20.19.4",
      "outputs_to_install": [
        "out"
      ],
      "outputs": {
        "dev": "/nix/store/fwxfxf02r0v4wpyg6k0f79qfsp8wiix5-nodejs-20.19.4-dev",
        "libv8": "/nix/store/vakv9nzb0fs17csywwcbhdx2f15j9jxd-nodejs-20.19.4-libv8",
        "out": "/nix/store/8wz12v0345whgkijf0xspd93k3x57dai-nodejs-20.19.4"
      },
      "system": "aarch64-linux",
      "group": "toplevel",
      "priority": 5
    },
    {
      "attr_path": "nodejs_20",
      "broken": false,
      "derivation": "/nix/store/hln8r2r1jnr0qf6mnwl5llsh423wlbr1-nodejs-20.19.4.drv",
      "description": "Event-driven I/O framework for the V8 JavaScript engine",
      "install_id": "nodejs_20",
      "license": "MIT",
      "locked_url": "https://github.com/flox/nixpkgs?rev=8eb28adfa3dc4de28e792e3bf49fcf9007ca8ac9",
      "name": "nodejs-20.19.4",
      "pname": "nodejs_20",
      "rev": "8eb28adfa3dc4de28e792e3bf49fcf9007ca8ac9",
      "rev_count": 856926,
      "rev_date": "2025-09-05T10:37:24Z",
      "scrape_date": "2025-09-08T04:22:26.366794Z",
      "stabilities": [
        "unstable"
      ],
      "unfree": false,
      "version": "20.19.4",
      "outputs_to_install": [
        "out"
      ],
      "outputs": {
        "dev": "/nix/store/2zwdmpqb36km632rf4wqzwcsvfb4nz2x-nodejs-20.19.4-dev",
        "libv8": "/nix/store/l19bbf6i5rz0wrvx4gffsiy3wy0hh6xw-nodejs-20.19.4-libv8",
        "out": "/nix/store/n01d0j102746n1n8ybimkiz29lm7vhsr-nodejs-20.19.4"
      },
      "system": "x86_64-darwin",
      "group": "toplevel",
      "priority": 5
    },
    {
      "attr_path": "nodejs_20",
      "broken": false,
      "derivation": "/nix/store/wfz8048vv8rxsr4azadiy5zcydjxlpad-nodejs-20.19.4.drv",
      "description": "Event-driven I/O framework for the V8 JavaScript engine",
      "install_id": "nodejs_20",
      "license": "MIT",
      "locked_url": "https://github.com/flox/nixpkgs?rev=8eb28adfa3dc4de28e792e3bf49fcf9007ca8ac9",
      "name": "nodejs-20.19.4",
      "pname": "nodejs_20",
      "rev": "8eb28adfa3dc4de28e792e3bf49fcf9007ca8ac9",
      "rev_count": 856926,
      "rev_date": "2025-09-05T10:37:24Z",
      "scrape_date": "2025-09-08T04:55:10.815188Z",
      "stabilities": [
        "unstable"
      ],
      "unfree": false,
      "version": "20.19.4",
      "outputs_to_install": [
        "out"
      ],
      "outputs": {
        "dev": "/nix/store/smx949703sllkif0lzdzmvxn7z5jz4f5-nodejs-20.19.4-dev",
        "libv8": "/nix/store/x1xg8s4lk4ghcpz6b87rw7pvjns3q89w-nodejs-20.19.4-libv8",
        "out": "/nix/store/4i5h4acwfks571bagg651zdp0fybv93s-nodejs-20.19.4"
      },
      "system": "x86_64-linux",
      "group": "toplevel",
      "priority": 5
    },
    {
      "attr_path": "python3",
      "broken": false,
      "derivation": "/nix/store/v641x0gi71cbd8vsh93wqxbxx6afv21a-python3-3.13.6.drv",
      "description": "High-level dynamically-typed programming language",
      "install_id": "python3",
      "license": "Python-2.0",
      "locked_url": "https://github.com/flox/nixpkgs?rev=8eb28adfa3dc4de28e792e3bf49fcf9007ca8ac9",
      "name": "python3-3.13.6",
      "pname": "python3",
      "rev": "8eb28adfa3dc4de28e792e3bf49fcf9007ca8ac9",
      "rev_count": 856926,
      "rev_date": "2025-09-05T10:37:24Z",
      "scrape_date": "2025-09-08T03:41:20.805195Z",
      "stabilities": [
        "unstable"
      ],
      "unfree": false,
      "version": "3.13.6",
      "outputs_to_install": [
        "out"
      ],
      "outputs": {
        "out": "/nix/store/9px7zzsfnlmj61yy2fpl6z14w93j05is-python3-3.13.6"
      },
      "system": "aarch64-darwin",
      "group": "toplevel",
      "priority": 5
    },
    {
      "attr_path": "python3",
      "broken": false,
      "derivation": "/nix/store/hjjpr0ckq3gs0d5qjmgg1bs0kid6ngh5-python3-3.13.6.drv",
      "description": "High-level dynamically-typed programming language",
      "install_id": "python3",
      "license": "Python-2.0",
      "locked_url": "https://github.com/flox/nixpkgs?rev=8eb28adfa3dc4de28e792e3bf49fcf9007ca8ac9",
      "name": "python3-3.13.6",
      "pname": "python3",
      "rev": "8eb28adfa3dc4de28e792e3bf49fcf9007ca8ac9",
      "rev_count": 856926,
      "rev_date": "2025-09-05T10:37:24Z",
      "scrape_date": "2025-09-08T03:53:21.812711Z",
      "stabilities": [
        "unstable"
      ],
      "unfree": false,
      "version": "3.13.6",
      "outputs_to_install": [
        "out"
      ],
      "outputs": {
        "debug": "/nix/store/yxi8lg3cimrkn0mr24hslnp40hyh46l5-python3-3.13.6-debug",
        "out": "/nix/store/bv3hgziq4mv07whsa3df1d5zh72lxrbk-python3-3.13.6"
      },
      "system": "aarch64-linux",
      "group": "toplevel",
      "priority": 5
    },
    {
      "attr_path": "python3",
      "broken": false,
      "derivation": "/nix/store/gvh54p6dn1br9b1azmrnib1v8hkyvr61-python3-3.13.6.drv",
      "description": "High-level dynamically-typed programming language",
      "install_id": "python3",
      "license": "Python-2.0",
      "locked_url": "https://github.com/flox/nixpkgs?rev=8eb28adfa3dc4de28e792e3bf49fcf9007ca8ac9",
      "name": "python3-3.13.6",
      "pname": "python3",
      "rev": "8eb28adfa3dc4de28e792e3bf49fcf9007ca8ac9",
      "rev_count": 856926,
      "rev_date": "2025-09-05T10:37:24Z",
      "scrape_date": "2025-09-08T04:22:43.922275Z",
      "stabilities": [
        "unstable"
      ],
      "unfree": false,
      "version": "3.13.6",
      "outputs_to_install": [
        "out"
      ],
      "outputs": {
        "out": "/nix/store/gkspnzkgarw4qvbl4670p3jcbgg6psrg-python3-3.13.6"
      },
      "system": "x86_64-darwin",
      "group": "toplevel",
      "priority": 5
    },
    {
      "attr_path": "python3",
      "broken": false,
      "derivation": "/nix/store/8sk7r1s9wf4fpmqrmrpv7jdy881224sp-python3-3.13.6.drv",
      "description": "High-level dynamically-typed programming language",
      "install_id": "python3",
      "license": "Python-2.0",
      "locked_url": "https://github.com/flox/nixpkgs?rev=8eb28adfa3dc4de28e792e3bf49fcf9007ca8ac9",
      "name": "python3-3.13.6",
      "pname": "python3",
      "rev": "8eb28adfa3dc4de28e792e3bf49fcf9007ca8ac9",
      "rev_count": 856926,
      "rev_date": "2025-09-05T10:37:24Z",
      "scrape_date": "2025-09-08T04:55:34.081348Z",
      "stabilities": [
        "unstable"
      ],
      "unfree": false,
      "version": "3.13.6",
      "outputs_to_install": [
        "out"
      ],
      "outputs": {
        "debug": "/nix/store/m8hzvhdrg6nnjxqkjqlm9v5mk9vfxqyq-python3-3.13.6-debug",
        "out": "/nix/store/iyff8129iampdw13nlfqalzhxy8y1hi9-python3-3.13.6"
      },
      "system": "x86_64-linux",
      "group": "toplevel",
      "priority": 5
    }
  ]
}